
Microsoft Visual Studio Solution File, Format Version 12.00
# Visual Studio 15
VisualStudioVersion = 15.0.27130.2036
MinimumVisualStudioVersion = 10.0.40219.1
Project("{FAE04EC0-301F-11D3-BF4B-00C04F79EFBC}") = "Cache", "Cache\Cache.csproj", "{6A2E9AED-8DEE-44D2-8451-3A83E287F145}"
EndProject
Project("{FAE04EC0-301F-11D3-BF4B-00C04F79EFBC}") = "CacheTests", "CacheTests\CacheTests.csproj", "{1BA8688E-F506-4784-87EF-75BCEF65D4BF}"
EndProject
Project("{2150E333-8FDC-42A3-9474-1A3956D46DE8}") = "Solution Items", "Solution Items", "{2D1CAC21-BFAC-4A3F-AC2B-EC80FC521C03}"
	ProjectSection(SolutionItems) = preProject
		.gitignore = .gitignore
		README.md = README.md
	EndProjectSection
EndProject
Global
	GlobalSection(SolutionConfigurationPlatforms) = preSolution
		Debug|Any CPU = Debug|Any CPU
		Release|Any CPU = Release|Any CPU
	EndGlobalSection
	GlobalSection(ProjectConfigurationPlatforms) = postSolution
		{6A2E9AED-8DEE-44D2-8451-3A83E287F145}.Debug|Any CPU.ActiveCfg = Debug|Any CPU
		{6A2E9AED-8DEE-44D2-8451-3A83E287F145}.Debug|Any CPU.Build.0 = Debug|Any CPU
		{6A2E9AED-8DEE-44D2-8451-3A83E287F145}.Release|Any CPU.ActiveCfg = Release|Any CPU
		{6A2E9AED-8DEE-44D2-8451-3A83E287F145}.Release|Any CPU.Build.0 = Release|Any CPU
		{1BA8688E-F506-4784-87EF-75BCEF65D4BF}.Debug|Any CPU.ActiveCfg = Debug|Any CPU
		{1BA8688E-F506-4784-87EF-75BCEF65D4BF}.Debug|Any CPU.Build.0 = Debug|Any CPU
		{1BA8688E-F506-4784-87EF-75BCEF65D4BF}.Release|Any CPU.ActiveCfg = Release|Any CPU
		{1BA8688E-F506-4784-87EF-75BCEF65D4BF}.Release|Any CPU.Build.0 = Release|Any CPU
	EndGlobalSection
	GlobalSection(SolutionProperties) = preSolution
		HideSolutionNode = FALSE
	EndGlobalSection
	GlobalSection(ExtensibilityGlobals) = postSolution
		SolutionGuid = {9B461F44-5A6F-4291-80CC-4793530E5D49}
	EndGlobalSection
EndGlobal
